# IF THERE'S A GIT CONFLICT IN THIS FILE, DON'T SOLVE IT MANUALLY!
# INSTEAD EXECUTE `prisma2 migrate fix`
# Prisma Migrate lockfile v1
# Read more about conflict resolution here: TODO

20200323000315-init
20200323000720-init
20200323004707-20200323_01
20200323005007-add-autoincrement
20200323010558-make-card-uuid-opitional
20200323091348-add-token